{
  "name": "leaflet.export",
  "version": "1.0.0",
  "lockfileVersion": 1,
  "requires": true,
  "dependencies": {
    "html2canvas": {
      "version": "0.5.0-beta4",
      "resolved": "https://registry.npmjs.org/html2canvas/-/html2canvas-0.5.0-beta4.tgz",
      "integrity": "sha1-goLGKsX9eBaPVwK15IdxV8qT854="
    }
  }
}
